
Microsoft Visual Studio Solution File, Format Version 12.00
# Visual Studio Version 16
VisualStudioVersion = 16.0.29613.14
MinimumVisualStudioVersion = 10.0.40219.1
Project("{FAE04EC0-301F-11D3-BF4B-00C04F79EFBC}") = "console_stars", "console_stars\console_stars.csproj", "{8AA23601-E5A7-4E22-A489-49BC32AC009F}"
EndProject
Global
	GlobalSection(SolutionConfigurationPlatforms) = preSolution
		Debug|Any CPU = Debug|Any CPU
		Release|Any CPU = Release|Any CPU
	EndGlobalSection
	GlobalSection(ProjectConfigurationPlatforms) = postSolution
		{8AA23601-E5A7-4E22-A489-49BC32AC009F}.Debug|Any CPU.ActiveCfg = Debug|Any CPU
		{8AA23601-E5A7-4E22-A489-49BC32AC009F}.Debug|Any CPU.Build.0 = Debug|Any CPU
		{8AA23601-E5A7-4E22-A489-49BC32AC009F}.Release|Any CPU.ActiveCfg = Release|Any CPU
		{8AA23601-E5A7-4E22-A489-49BC32AC009F}.Release|Any CPU.Build.0 = Release|Any CPU
	EndGlobalSection
	GlobalSection(SolutionProperties) = preSolution
		HideSolutionNode = FALSE
	EndGlobalSection
	GlobalSection(ExtensibilityGlobals) = postSolution
		SolutionGuid = {79BBE19A-D5F1-438D-89B3-1F87E8919763}
	EndGlobalSection
EndGlobal
